
Microsoft Visual Studio Solution File, Format Version 12.00
# Visual Studio Version 17
VisualStudioVersion = 17.5.002.0
MinimumVisualStudioVersion = 10.0.40219.1
Project("{9A19103F-16F7-4668-BE54-9A1E7A4F7556}") = "Minecraft_Launcher_Test_0", "Minecraft_Launcher_Test_0.csproj", "{6B363663-193C-4D20-9537-7C47558B1A42}"
EndProject
Global
	GlobalSection(SolutionConfigurationPlatforms) = preSolution
		Debug|Any CPU = Debug|Any CPU
		Release|Any CPU = Release|Any CPU
	EndGlobalSection
	GlobalSection(ProjectConfigurationPlatforms) = postSolution
		{6B363663-193C-4D20-9537-7C47558B1A42}.Debug|Any CPU.ActiveCfg = Debug|Any CPU
		{6B363663-193C-4D20-9537-7C47558B1A42}.Debug|Any CPU.Build.0 = Debug|Any CPU
		{6B363663-193C-4D20-9537-7C47558B1A42}.Release|Any CPU.ActiveCfg = Release|Any CPU
		{6B363663-193C-4D20-9537-7C47558B1A42}.Release|Any CPU.Build.0 = Release|Any CPU
	EndGlobalSection
	GlobalSection(SolutionProperties) = preSolution
		HideSolutionNode = FALSE
	EndGlobalSection
	GlobalSection(ExtensibilityGlobals) = postSolution
		SolutionGuid = {660624EC-F95F-43BD-A418-D29505E9A09F}
	EndGlobalSection
EndGlobal
